
Microsoft Visual Studio Solution File, Format Version 12.00
# Visual Studio Version 17
VisualStudioVersion = 17.5.33530.505
MinimumVisualStudioVersion = 10.0.40219.1
Project("{FAE04EC0-301F-11D3-BF4B-00C04F79EFBC}") = "PracticeWorkModule10", "PracticeWorkModule10\PracticeWorkModule10.csproj", "{9ADF46B2-D5DB-43E8-8D91-40BA8E1EE16A}"
EndProject
Project("{FAE04EC0-301F-11D3-BF4B-00C04F79EFBC}") = "DOP", "DOP\DOP.csproj", "{59849BCD-CC0C-47C5-8D38-8582B8D072E2}"
EndProject
Global
	GlobalSection(SolutionConfigurationPlatforms) = preSolution
		Debug|Any CPU = Debug|Any CPU
		Release|Any CPU = Release|Any CPU
	EndGlobalSection
	GlobalSection(ProjectConfigurationPlatforms) = postSolution
		{9ADF46B2-D5DB-43E8-8D91-40BA8E1EE16A}.Debug|Any CPU.ActiveCfg = Debug|Any CPU
		{9ADF46B2-D5DB-43E8-8D91-40BA8E1EE16A}.Debug|Any CPU.Build.0 = Debug|Any CPU
		{9ADF46B2-D5DB-43E8-8D91-40BA8E1EE16A}.Release|Any CPU.ActiveCfg = Release|Any CPU
		{9ADF46B2-D5DB-43E8-8D91-40BA8E1EE16A}.Release|Any CPU.Build.0 = Release|Any CPU
		{59849BCD-CC0C-47C5-8D38-8582B8D072E2}.Debug|Any CPU.ActiveCfg = Debug|Any CPU
		{59849BCD-CC0C-47C5-8D38-8582B8D072E2}.Debug|Any CPU.Build.0 = Debug|Any CPU
		{59849BCD-CC0C-47C5-8D38-8582B8D072E2}.Release|Any CPU.ActiveCfg = Release|Any CPU
		{59849BCD-CC0C-47C5-8D38-8582B8D072E2}.Release|Any CPU.Build.0 = Release|Any CPU
	EndGlobalSection
	GlobalSection(SolutionProperties) = preSolution
		HideSolutionNode = FALSE
	EndGlobalSection
	GlobalSection(ExtensibilityGlobals) = postSolution
		SolutionGuid = {CD86129C-7A52-40A3-ADF1-C772CE362D70}
	EndGlobalSection
EndGlobal
